{
  "name": "jandas",
  "version": "1.0.0",
  "lockfileVersion": 2,
  "requires": true,
  "packages": {
    "": {
      "name": "jandas",
      "version": "1.0.0",
      "license": "ISC",
      "dependencies": {
        "es-main": "^1.2.0",
        "papaparse": "^5.3.2"
      },
      "devDependencies": {
        "@types/papaparse": "^5.3.7"
      }
    },
    "node_modules/@types/node": {
      "version": "14.18.36",
      "resolved": "https://registry.npmjs.org/@types/node/-/node-14.18.36.tgz",
      "integrity": "sha512-FXKWbsJ6a1hIrRxv+FoukuHnGTgEzKYGi7kilfMae96AL9UNkPFNWJEEYWzdRI9ooIkbr4AKldyuSTLql06vLQ==",
      "dev": true
    },
    "node_modules/@types/papaparse": {
      "version": "5.3.7",
      "resolved": "https://registry.npmjs.org/@types/papaparse/-/papaparse-5.3.7.tgz",
      "integrity": "sha512-f2HKmlnPdCvS0WI33WtCs5GD7X1cxzzS/aduaxSu3I7TbhWlENjSPs6z5TaB9K0J+BH1jbmqTaM+ja5puis4wg==",
      "dev": true,
      "dependencies": {
        "@types/node": "*"
      }
    },
    "node_modules/es-main": {
      "version": "1.2.0",
      "resolved": "https://registry.npmjs.org/es-main/-/es-main-1.2.0.tgz",
      "integrity": "sha512-A4tCSY43O/mH4rHjG1n0mI4DhK2BmKDr8Lk8PXK/GBB6zxGFGmIW4bbkbTQ2Gi9iNamMZ9vbGrwjZOIeiM7vMw=="
    },
    "node_modules/papaparse": {
      "version": "5.3.2",
      "resolved": "https://registry.npmjs.org/papaparse/-/papaparse-5.3.2.tgz",
      "integrity": "sha512-6dNZu0Ki+gyV0eBsFKJhYr+MdQYAzFUGlBMNj3GNrmHxmz1lfRa24CjFObPXtjcetlOv5Ad299MhIK0znp3afw=="
    }
  },
  "dependencies": {
    "@types/node": {
      "version": "14.18.36",
      "resolved": "https://registry.npmjs.org/@types/node/-/node-14.18.36.tgz",
      "integrity": "sha512-FXKWbsJ6a1hIrRxv+FoukuHnGTgEzKYGi7kilfMae96AL9UNkPFNWJEEYWzdRI9ooIkbr4AKldyuSTLql06vLQ==",
      "dev": true
    },
    "@types/papaparse": {
      "version": "5.3.7",
      "resolved": "https://registry.npmjs.org/@types/papaparse/-/papaparse-5.3.7.tgz",
      "integrity": "sha512-f2HKmlnPdCvS0WI33WtCs5GD7X1cxzzS/aduaxSu3I7TbhWlENjSPs6z5TaB9K0J+BH1jbmqTaM+ja5puis4wg==",
      "dev": true,
      "requires": {
        "@types/node": "*"
      }
    },
    "es-main": {
      "version": "1.2.0",
      "resolved": "https://registry.npmjs.org/es-main/-/es-main-1.2.0.tgz",
      "integrity": "sha512-A4tCSY43O/mH4rHjG1n0mI4DhK2BmKDr8Lk8PXK/GBB6zxGFGmIW4bbkbTQ2Gi9iNamMZ9vbGrwjZOIeiM7vMw=="
    },
    "papaparse": {
      "version": "5.3.2",
      "resolved": "https://registry.npmjs.org/papaparse/-/papaparse-5.3.2.tgz",
      "integrity": "sha512-6dNZu0Ki+gyV0eBsFKJhYr+MdQYAzFUGlBMNj3GNrmHxmz1lfRa24CjFObPXtjcetlOv5Ad299MhIK0znp3afw=="
    }
  }
}
